{
  "name": "notion-updates",
  "version": "1.0.0",
  "lockfileVersion": 3,
  "requires": true,
  "packages": {
    "": {
      "name": "notion-updates",
      "version": "1.0.0",
      "license": "MIT",
      "dependencies": {
        "native-notifier": "^0.1.6"
      }
    },
    "node_modules/native-notifier": {
      "version": "0.1.6",
      "resolved": "https://registry.npmjs.org/native-notifier/-/native-notifier-0.1.6.tgz",
      "integrity": "sha512-BwRtjqhNsS2HpeVrNmERzQqZTFxR+MoJr/RdfCwZ0ODKyc/0EcHQhwnPwZr99gT1uHgRqbDk3C5fOo70TVYlcQ==",
      "dependencies": {
        "tag-shell": "~0.1.0"
      }
    },
    "node_modules/tag-shell": {
      "version": "0.1.0",
      "resolved": "https://registry.npmjs.org/tag-shell/-/tag-shell-0.1.0.tgz",
      "integrity": "sha512-DW3u9CylGZ44V8toOpsskS6lOojt6UOWbXM9HG8sBoKvy8q7V7Yc+JWHM6Du78rljnm/IeWOtWEBdhwWoo8gEQ=="
    }
  }
}
